
Microsoft Visual Studio Solution File, Format Version 12.00
# Visual Studio 15
VisualStudioVersion = 15.0.26730.16
MinimumVisualStudioVersion = 10.0.40219.1
Project("{FAE04EC0-301F-11D3-BF4B-00C04F79EFBC}") = "Calculadora", "Calculadora\Calculadora.csproj", "{B474F18A-1282-4712-911F-8B055D488E70}"
EndProject
Global
	GlobalSection(SolutionConfigurationPlatforms) = preSolution
		Debug|Any CPU = Debug|Any CPU
		Release|Any CPU = Release|Any CPU
	EndGlobalSection
	GlobalSection(ProjectConfigurationPlatforms) = postSolution
		{B474F18A-1282-4712-911F-8B055D488E70}.Debug|Any CPU.ActiveCfg = Debug|Any CPU
		{B474F18A-1282-4712-911F-8B055D488E70}.Debug|Any CPU.Build.0 = Debug|Any CPU
		{B474F18A-1282-4712-911F-8B055D488E70}.Release|Any CPU.ActiveCfg = Release|Any CPU
		{B474F18A-1282-4712-911F-8B055D488E70}.Release|Any CPU.Build.0 = Release|Any CPU
	EndGlobalSection
	GlobalSection(SolutionProperties) = preSolution
		HideSolutionNode = FALSE
	EndGlobalSection
	GlobalSection(ExtensibilityGlobals) = postSolution
		SolutionGuid = {70452A98-E56A-44A7-8879-42D1C31A6EC8}
	EndGlobalSection
EndGlobal
